
Microsoft Visual Studio Solution File, Format Version 12.00
# Visual Studio Version 16
VisualStudioVersion = 16.0.30804.86
MinimumVisualStudioVersion = 10.0.40219.1
Project("{2150E333-8FDC-42A3-9474-1A3956D46DE8}") = "Class libraries", "Class libraries", "{B90FA205-F44F-4F2D-AA68-6BD81E3818FF}"
EndProject
Project("{2150E333-8FDC-42A3-9474-1A3956D46DE8}") = "User interface projects", "User interface projects", "{130160AD-114C-45F9-87C9-BA20F02E2C7C}"
EndProject
Project("{FAE04EC0-301F-11D3-BF4B-00C04F79EFBC}") = "LoginLibrary", "LoginLibrary\LoginLibrary.csproj", "{B4C86C64-B342-4CA6-A39D-B5892CCB14D2}"
EndProject
Project("{FAE04EC0-301F-11D3-BF4B-00C04F79EFBC}") = "SupportLibrary", "SupportLibrary\SupportLibrary.csproj", "{9087AC4E-7DF1-4C63-AD28-CDFC0D5CF233}"
EndProject
Project("{2150E333-8FDC-42A3-9474-1A3956D46DE8}") = "Solution Items", "Solution Items", "{5F6B5ECB-459B-43E2-8D74-6022B15FBA80}"
	ProjectSection(SolutionItems) = preProject
		readme.md = readme.md
		script.sql = script.sql
		scriptUdpatedWithRolesAndUserTable.sql = scriptUdpatedWithRolesAndUserTable.sql
	EndProjectSection
EndProject
Project("{FAE04EC0-301F-11D3-BF4B-00C04F79EFBC}") = "SqlCredentialLoginInterface", "SqlCredentialLoginInterface\SqlCredentialLoginInterface.csproj", "{905B2A7C-273B-4736-8AC6-44E205835117}"
EndProject
Project("{FAE04EC0-301F-11D3-BF4B-00C04F79EFBC}") = "LoginUserInterfaceConventional", "LoginUserInterfaceConventional\LoginUserInterfaceConventional.csproj", "{CEB4AE36-D982-4237-96AF-C0D1402868AC}"
EndProject
Project("{FAE04EC0-301F-11D3-BF4B-00C04F79EFBC}") = "MinimalApproachExample", "MinimalApproachExample\MinimalApproachExample.csproj", "{D7D24052-7FAA-41EA-ADCF-BE657695EE2C}"
EndProject
Global
	GlobalSection(SolutionConfigurationPlatforms) = preSolution
		Debug|Any CPU = Debug|Any CPU
		Release|Any CPU = Release|Any CPU
	EndGlobalSection
	GlobalSection(ProjectConfigurationPlatforms) = postSolution
		{B4C86C64-B342-4CA6-A39D-B5892CCB14D2}.Debug|Any CPU.ActiveCfg = Debug|Any CPU
		{B4C86C64-B342-4CA6-A39D-B5892CCB14D2}.Debug|Any CPU.Build.0 = Debug|Any CPU
		{B4C86C64-B342-4CA6-A39D-B5892CCB14D2}.Release|Any CPU.ActiveCfg = Release|Any CPU
		{B4C86C64-B342-4CA6-A39D-B5892CCB14D2}.Release|Any CPU.Build.0 = Release|Any CPU
		{9087AC4E-7DF1-4C63-AD28-CDFC0D5CF233}.Debug|Any CPU.ActiveCfg = Debug|Any CPU
		{9087AC4E-7DF1-4C63-AD28-CDFC0D5CF233}.Debug|Any CPU.Build.0 = Debug|Any CPU
		{9087AC4E-7DF1-4C63-AD28-CDFC0D5CF233}.Release|Any CPU.ActiveCfg = Release|Any CPU
		{9087AC4E-7DF1-4C63-AD28-CDFC0D5CF233}.Release|Any CPU.Build.0 = Release|Any CPU
		{905B2A7C-273B-4736-8AC6-44E205835117}.Debug|Any CPU.ActiveCfg = Debug|Any CPU
		{905B2A7C-273B-4736-8AC6-44E205835117}.Debug|Any CPU.Build.0 = Debug|Any CPU
		{905B2A7C-273B-4736-8AC6-44E205835117}.Release|Any CPU.ActiveCfg = Release|Any CPU
		{905B2A7C-273B-4736-8AC6-44E205835117}.Release|Any CPU.Build.0 = Release|Any CPU
		{CEB4AE36-D982-4237-96AF-C0D1402868AC}.Debug|Any CPU.ActiveCfg = Debug|Any CPU
		{CEB4AE36-D982-4237-96AF-C0D1402868AC}.Debug|Any CPU.Build.0 = Debug|Any CPU
		{CEB4AE36-D982-4237-96AF-C0D1402868AC}.Release|Any CPU.ActiveCfg = Release|Any CPU
		{CEB4AE36-D982-4237-96AF-C0D1402868AC}.Release|Any CPU.Build.0 = Release|Any CPU
		{D7D24052-7FAA-41EA-ADCF-BE657695EE2C}.Debug|Any CPU.ActiveCfg = Debug|Any CPU
		{D7D24052-7FAA-41EA-ADCF-BE657695EE2C}.Debug|Any CPU.Build.0 = Debug|Any CPU
		{D7D24052-7FAA-41EA-ADCF-BE657695EE2C}.Release|Any CPU.ActiveCfg = Release|Any CPU
		{D7D24052-7FAA-41EA-ADCF-BE657695EE2C}.Release|Any CPU.Build.0 = Release|Any CPU
	EndGlobalSection
	GlobalSection(SolutionProperties) = preSolution
		HideSolutionNode = FALSE
	EndGlobalSection
	GlobalSection(NestedProjects) = preSolution
		{B4C86C64-B342-4CA6-A39D-B5892CCB14D2} = {B90FA205-F44F-4F2D-AA68-6BD81E3818FF}
		{9087AC4E-7DF1-4C63-AD28-CDFC0D5CF233} = {B90FA205-F44F-4F2D-AA68-6BD81E3818FF}
		{905B2A7C-273B-4736-8AC6-44E205835117} = {130160AD-114C-45F9-87C9-BA20F02E2C7C}
		{CEB4AE36-D982-4237-96AF-C0D1402868AC} = {130160AD-114C-45F9-87C9-BA20F02E2C7C}
		{D7D24052-7FAA-41EA-ADCF-BE657695EE2C} = {130160AD-114C-45F9-87C9-BA20F02E2C7C}
	EndGlobalSection
	GlobalSection(ExtensibilityGlobals) = postSolution
		SolutionGuid = {E8E309EC-5BF9-4834-BCE6-0CE09D479337}
	EndGlobalSection
EndGlobal
